
Microsoft Visual Studio Solution File, Format Version 12.00
# Visual Studio 15
VisualStudioVersion = 15.0.28010.2026
MinimumVisualStudioVersion = 10.0.40219.1
Project("{FAE04EC0-301F-11D3-BF4B-00C04F79EFBC}") = "Zadanie", "Zadanie\Zadanie.csproj", "{31C1E22A-D860-4AD8-9BC5-6DCF0C356138}"
EndProject
Global
	GlobalSection(SolutionConfigurationPlatforms) = preSolution
		Debug|Any CPU = Debug|Any CPU
		Release|Any CPU = Release|Any CPU
	EndGlobalSection
	GlobalSection(ProjectConfigurationPlatforms) = postSolution
		{31C1E22A-D860-4AD8-9BC5-6DCF0C356138}.Debug|Any CPU.ActiveCfg = Debug|Any CPU
		{31C1E22A-D860-4AD8-9BC5-6DCF0C356138}.Debug|Any CPU.Build.0 = Debug|Any CPU
		{31C1E22A-D860-4AD8-9BC5-6DCF0C356138}.Release|Any CPU.ActiveCfg = Release|Any CPU
		{31C1E22A-D860-4AD8-9BC5-6DCF0C356138}.Release|Any CPU.Build.0 = Release|Any CPU
	EndGlobalSection
	GlobalSection(SolutionProperties) = preSolution
		HideSolutionNode = FALSE
	EndGlobalSection
	GlobalSection(ExtensibilityGlobals) = postSolution
		SolutionGuid = {C2254205-BEF6-4AED-8AF9-938FDDC8110D}
	EndGlobalSection
EndGlobal
